PODS:
  - GoogleMaps (5.0.0):
    - GoogleMaps/Maps (= 5.0.0)
  - GoogleMaps/Base (5.0.0)
  - GoogleMaps/Maps (5.0.0):
    - GoogleMaps/Base

DEPENDENCIES:
  - GoogleMaps (= 5.0.0)

SPEC REPOS:
  trunk:
    - GoogleMaps

SPEC CHECKSUMS:
  GoogleMaps: 600e5e69bdf7f4ed7cac4d6aa96c7ec08a5aa254

PODFILE CHECKSUM: 6f02b513ecfb037b09fa04e769067dc5d7674f76

COCOAPODS: 1.10.1
