// !$*UTF8*$!
{
	archiveVersion = 1;
	classes = {
	};
	objectVersion = 51;
	objects = {

/* Begin PBXBuildFile section */
		3E396B1F96FE7D09C2B1AD50 /* Pods_RouteTrackerTests.framework in Frameworks */ = {isa = PBXBuildFile; fileRef = 4423CA8ED7121D7A0E20FFC5 /* Pods_RouteTrackerTests.framework */; };
		6302CEC6858B5E39F27D56A0 /* Pods_RouteTracker_RouteTrackerUITests.framework in Frameworks */ = {isa = PBXBuildFile; fileRef = CFBC457DB4347B7532BF3028 /* Pods_RouteTracker_RouteTrackerUITests.framework */; };
		82B57F58BA7417C4C0A14AB0 /* Pods_RouteTracker.framework in Frameworks */ = {isa = PBXBuildFile; fileRef = F7E0237A4142431FD357F60F /* Pods_RouteTracker.framework */; };
		A82A7609265D13AA0038016A /* AppDelegate.swift in Sources */ = {isa = PBXBuildFile; fileRef = A82A7608265D13AA0038016A /* AppDelegate.swift */; };
		A82A760B265D13AA0038016A /* SceneDelegate.swift in Sources */ = {isa = PBXBuildFile; fileRef = A82A760A265D13AA0038016A /* SceneDelegate.swift */; };
		A82A7613265D13AA0038016A /* RouteTracker.xcdatamodeld in Sources */ = {isa = PBXBuildFile; fileRef = A82A7611265D13AA0038016A /* RouteTracker.xcdatamodeld */; };
		A82A7615265D13AC0038016A /* Assets.xcassets in Resources */ = {isa = PBXBuildFile; fileRef = A82A7614265D13AC0038016A /* Assets.xcassets */; };
		A82A7618265D13AC0038016A /* LaunchScreen.storyboard in Resources */ = {isa = PBXBuildFile; fileRef = A82A7616265D13AC0038016A /* LaunchScreen.storyboard */; };
		A82A7623265D13AD0038016A /* RouteTrackerTests.swift in Sources */ = {isa = PBXBuildFile; fileRef = A82A7622265D13AD0038016A /* RouteTrackerTests.swift */; };
		A82A762E265D13AD0038016A /* RouteTrackerUITests.swift in Sources */ = {isa = PBXBuildFile; fileRef = A82A762D265D13AD0038016A /* RouteTrackerUITests.swift */; };
		A843BCF7265D6A1E003A8793 /* MapView.swift in Sources */ = {isa = PBXBuildFile; fileRef = A843BCF6265D6A1E003A8793 /* MapView.swift */; };
		A843BCFF265D6A3B003A8793 /* MapViewController.swift in Sources */ = {isa = PBXBuildFile; fileRef = A843BCFE265D6A3B003A8793 /* MapViewController.swift */; };
		A843BD04265D7C5B003A8793 /* ShowAlertProtocol.swift in Sources */ = {isa = PBXBuildFile; fileRef = A843BD03265D7C5B003A8793 /* ShowAlertProtocol.swift */; };
		A8492E3A266BF680005FF0B4 /* CurtainView.swift in Sources */ = {isa = PBXBuildFile; fileRef = A8492E39266BF680005FF0B4 /* CurtainView.swift */; };
		A8492E42266BF6AF005FF0B4 /* CurtainViewController.swift in Sources */ = {isa = PBXBuildFile; fileRef = A8492E41266BF6AF005FF0B4 /* CurtainViewController.swift */; };
		A84D3402266C23A800584807 /* CurtainCoordinator.swift in Sources */ = {isa = PBXBuildFile; fileRef = A84D3401266C23A800584807 /* CurtainCoordinator.swift */; };
		A89D56EA2668CE9900A1CFDC /* AuthView.swift in Sources */ = {isa = PBXBuildFile; fileRef = A89D56E92668CE9900A1CFDC /* AuthView.swift */; };
		A89D56EF2668CEA100A1CFDC /* AuthViewController.swift in Sources */ = {isa = PBXBuildFile; fileRef = A89D56EE2668CEA100A1CFDC /* AuthViewController.swift */; };
		A89D57042668CEC900A1CFDC /* TableScreenViewDarkStyle.swift in Sources */ = {isa = PBXBuildFile; fileRef = A89D56F42668CEC900A1CFDC /* TableScreenViewDarkStyle.swift */; };
		A89D57052668CEC900A1CFDC /* NavigationControllerDarkStyle.swift in Sources */ = {isa = PBXBuildFile; fileRef = A89D56F62668CEC900A1CFDC /* NavigationControllerDarkStyle.swift */; };
		A89D57062668CEC900A1CFDC /* SearchControllerDarkStyle.swift in Sources */ = {isa = PBXBuildFile; fileRef = A89D56F72668CEC900A1CFDC /* SearchControllerDarkStyle.swift */; };
		A89D57072668CEC900A1CFDC /* SegmentedControlDarkStyle.swift in Sources */ = {isa = PBXBuildFile; fileRef = A89D56F92668CEC900A1CFDC /* SegmentedControlDarkStyle.swift */; };
		A89D57082668CEC900A1CFDC /* DataUserViewDarkStyle.swift in Sources */ = {isa = PBXBuildFile; fileRef = A89D56FA2668CEC900A1CFDC /* DataUserViewDarkStyle.swift */; };
		A89D57092668CEC900A1CFDC /* TextViewDarkStyle.swift in Sources */ = {isa = PBXBuildFile; fileRef = A89D56FB2668CEC900A1CFDC /* TextViewDarkStyle.swift */; };
		A89D570A2668CEC900A1CFDC /* ActivityIndicatorDarkStyle.swift in Sources */ = {isa = PBXBuildFile; fileRef = A89D56FC2668CEC900A1CFDC /* ActivityIndicatorDarkStyle.swift */; };
		A89D570B2668CEC900A1CFDC /* ScrollViewDarkStyle.swift in Sources */ = {isa = PBXBuildFile; fileRef = A89D56FD2668CEC900A1CFDC /* ScrollViewDarkStyle.swift */; };
		A89D570C2668CEC900A1CFDC /* ResultViewDarkStyle.swift in Sources */ = {isa = PBXBuildFile; fileRef = A89D56FE2668CEC900A1CFDC /* ResultViewDarkStyle.swift */; };
		A89D570D2668CEC900A1CFDC /* ButtonDarkStyle.swift in Sources */ = {isa = PBXBuildFile; fileRef = A89D56FF2668CEC900A1CFDC /* ButtonDarkStyle.swift */; };
		A89D570E2668CEC900A1CFDC /* LabelDarkStyle.swift in Sources */ = {isa = PBXBuildFile; fileRef = A89D57002668CEC900A1CFDC /* LabelDarkStyle.swift */; };
		A89D570F2668CEC900A1CFDC /* TableViewDarkStyle.swift in Sources */ = {isa = PBXBuildFile; fileRef = A89D57012668CEC900A1CFDC /* TableViewDarkStyle.swift */; };
		A89D57102668CEC900A1CFDC /* RefreshControlDarkStyle.swift in Sources */ = {isa = PBXBuildFile; fileRef = A89D57022668CEC900A1CFDC /* RefreshControlDarkStyle.swift */; };
		A89D57112668CEC900A1CFDC /* TextFieldDarkStyle.swift in Sources */ = {isa = PBXBuildFile; fileRef = A89D57032668CEC900A1CFDC /* TextFieldDarkStyle.swift */; };
		A89D571A2668CFB100A1CFDC /* CheckingUsernameAndPassword.swift in Sources */ = {isa = PBXBuildFile; fileRef = A89D57192668CFB100A1CFDC /* CheckingUsernameAndPassword.swift */; };
		A89D57202668CFCD00A1CFDC /* SeparatorFactory.swift in Sources */ = {isa = PBXBuildFile; fileRef = A89D571F2668CFCD00A1CFDC /* SeparatorFactory.swift */; };
		A89D57252668D42600A1CFDC /* DataUserError.swift in Sources */ = {isa = PBXBuildFile; fileRef = A89D57242668D42500A1CFDC /* DataUserError.swift */; };
		A89D57332668E25500A1CFDC /* RegistrationView.swift in Sources */ = {isa = PBXBuildFile; fileRef = A89D57322668E25500A1CFDC /* RegistrationView.swift */; };
		A89D57382668E26600A1CFDC /* RegistrationViewController.swift in Sources */ = {isa = PBXBuildFile; fileRef = A89D57372668E26600A1CFDC /* RegistrationViewController.swift */; };
		A89D57432668F69B00A1CFDC /* User.swift in Sources */ = {isa = PBXBuildFile; fileRef = A89D57422668F69B00A1CFDC /* User.swift */; };
		A89D57482668F96B00A1CFDC /* BaseCoordinator.swift in Sources */ = {isa = PBXBuildFile; fileRef = A89D57472668F96B00A1CFDC /* BaseCoordinator.swift */; };
		A89D574D2668FA7200A1CFDC /* ApplicationCoordinator.swift in Sources */ = {isa = PBXBuildFile; fileRef = A89D574C2668FA7200A1CFDC /* ApplicationCoordinator.swift */; };
		A89D57532668FCBC00A1CFDC /* AuthCoordinator.swift in Sources */ = {isa = PBXBuildFile; fileRef = A89D57522668FCBC00A1CFDC /* AuthCoordinator.swift */; };
		A89D575B266900B700A1CFDC /* RealmUserServiceProtocol.swift in Sources */ = {isa = PBXBuildFile; fileRef = A89D575A266900B700A1CFDC /* RealmUserServiceProtocol.swift */; };
		A89D5776266910AF00A1CFDC /* MapCoordinator.swift in Sources */ = {isa = PBXBuildFile; fileRef = A89D5775266910AF00A1CFDC /* MapCoordinator.swift */; };
		A8B3F74C26611D6B00787C88 /* RealmService.swift in Sources */ = {isa = PBXBuildFile; fileRef = A8B3F74B26611D6B00787C88 /* RealmService.swift */; };
		A8B3F7512661228D00787C88 /* Path.swift in Sources */ = {isa = PBXBuildFile; fileRef = A8B3F7502661228D00787C88 /* Path.swift */; };
		A8B3F7562661261C00787C88 /* Coordinate.swift in Sources */ = {isa = PBXBuildFile; fileRef = A8B3F7552661261C00787C88 /* Coordinate.swift */; };
		A8BC0635267A23EC00C7D1A8 /* LocalNotification.swift in Sources */ = {isa = PBXBuildFile; fileRef = A8BC0634267A23EC00C7D1A8 /* LocalNotification.swift */; };
		A8BC063D267A2B7C00C7D1A8 /* AbstractLocalNotification.swift in Sources */ = {isa = PBXBuildFile; fileRef = A8BC063C267A2B7C00C7D1A8 /* AbstractLocalNotification.swift */; };
		A8D9132D2672404600722174 /* LocationManager.swift in Sources */ = {isa = PBXBuildFile; fileRef = A8D9132C2672404600722174 /* LocationManager.swift */; };
		A8DEB249266399AC00BD6295 /* RealmMapServiceProtocol.swift in Sources */ = {isa = PBXBuildFile; fileRef = A8DEB248266399AC00BD6295 /* RealmMapServiceProtocol.swift */; };
/* End PBXBuildFile section */

/* Begin PBXContainerItemProxy section */
		A82A761F265D13AD0038016A /* PBXContainerItemProxy */ = {
			isa = PBXContainerItemProxy;
			containerPortal = A82A75FD265D13AA0038016A /* Project object */;
			proxyType = 1;
			remoteGlobalIDString = A82A7604265D13AA0038016A;
			remoteInfo = RouteTracker;
		};
		A82A762A265D13AD0038016A /* PBXContainerItemProxy */ = {
			isa = PBXContainerItemProxy;
			containerPortal = A82A75FD265D13AA0038016A /* Project object */;
			proxyType = 1;
			remoteGlobalIDString = A82A7604265D13AA0038016A;
			remoteInfo = RouteTracker;
		};
/* End PBXContainerItemProxy section */

/* Begin PBXFileReference section */
		19ADEA06655D922A8C41C2CF /* Pods-RouteTracker.debug.xcconfig */ = {isa = PBXFileReference; includeInIndex = 1; lastKnownFileType = text.xcconfig; name = "Pods-RouteTracker.debug.xcconfig"; path = "Target Support Files/Pods-RouteTracker/Pods-RouteTracker.debug.xcconfig"; sourceTree = "<group>"; };
		4423CA8ED7121D7A0E20FFC5 /* Pods_RouteTrackerTests.framework */ = {isa = PBXFileReference; explicitFileType = wrapper.framework; includeInIndex = 0; path = Pods_RouteTrackerTests.framework; sourceTree = BUILT_PRODUCTS_DIR; };
		49FA042FD7A58EC76125B162 /* Pods-RouteTracker-RouteTrackerUITests.debug.xcconfig */ = {isa = PBXFileReference; includeInIndex = 1; lastKnownFileType = text.xcconfig; name = "Pods-RouteTracker-RouteTrackerUITests.debug.xcconfig"; path = "Target Support Files/Pods-RouteTracker-RouteTrackerUITests/Pods-RouteTracker-RouteTrackerUITests.debug.xcconfig"; sourceTree = "<group>"; };
		5753F02F52CC422EE9D8ED48 /* Pods-RouteTrackerTests.debug.xcconfig */ = {isa = PBXFileReference; includeInIndex = 1; lastKnownFileType = text.xcconfig; name = "Pods-RouteTrackerTests.debug.xcconfig"; path = "Target Support Files/Pods-RouteTrackerTests/Pods-RouteTrackerTests.debug.xcconfig"; sourceTree = "<group>"; };
		A82A7605265D13AA0038016A /* RouteTracker.app */ = {isa = PBXFileReference; explicitFileType = wrapper.application; includeInIndex = 0; path = RouteTracker.app; sourceTree = BUILT_PRODUCTS_DIR; };
		A82A7608265D13AA0038016A /* AppDelegate.swift */ = {isa = PBXFileReference; lastKnownFileType = sourcecode.swift; path = AppDelegate.swift; sourceTree = "<group>"; };
		A82A760A265D13AA0038016A /* SceneDelegate.swift */ = {isa = PBXFileReference; lastKnownFileType = sourcecode.swift; path = SceneDelegate.swift; sourceTree = "<group>"; };
		A82A7612265D13AA0038016A /* RouteTracker.xcdatamodel */ = {isa = PBXFileReference; lastKnownFileType = wrapper.xcdatamodel; path = RouteTracker.xcdatamodel; sourceTree = "<group>"; };
		A82A7614265D13AC0038016A /* Assets.xcassets */ = {isa = PBXFileReference; lastKnownFileType = folder.assetcatalog; path = Assets.xcassets; sourceTree = "<group>"; };
		A82A7617265D13AC0038016A /* Base */ = {isa = PBXFileReference; lastKnownFileType = file.storyboard; name = Base; path = Base.lproj/LaunchScreen.storyboard; sourceTree = "<group>"; };
		A82A7619265D13AC0038016A /* Info.plist */ = {isa = PBXFileReference; lastKnownFileType = text.plist.xml; path = Info.plist; sourceTree = "<group>"; };
		A82A761E265D13AD0038016A /* RouteTrackerTests.xctest */ = {isa = PBXFileReference; explicitFileType = wrapper.cfbundle; includeInIndex = 0; path = RouteTrackerTests.xctest; sourceTree = BUILT_PRODUCTS_DIR; };
		A82A7622265D13AD0038016A /* RouteTrackerTests.swift */ = {isa = PBXFileReference; lastKnownFileType = sourcecode.swift; path = RouteTrackerTests.swift; sourceTree = "<group>"; };
		A82A7624265D13AD0038016A /* Info.plist */ = {isa = PBXFileReference; lastKnownFileType = text.plist.xml; path = Info.plist; sourceTree = "<group>"; };
		A82A7629265D13AD0038016A /* RouteTrackerUITests.xctest */ = {isa = PBXFileReference; explicitFileType = wrapper.cfbundle; includeInIndex = 0; path = RouteTrackerUITests.xctest; sourceTree = BUILT_PRODUCTS_DIR; };
		A82A762D265D13AD0038016A /* RouteTrackerUITests.swift */ = {isa = PBXFileReference; lastKnownFileType = sourcecode.swift; path = RouteTrackerUITests.swift; sourceTree = "<group>"; };
		A82A762F265D13AD0038016A /* Info.plist */ = {isa = PBXFileReference; lastKnownFileType = text.plist.xml; path = Info.plist; sourceTree = "<group>"; };
		A843BCF6265D6A1E003A8793 /* MapView.swift */ = {isa = PBXFileReference; lastKnownFileType = sourcecode.swift; path = MapView.swift; sourceTree = "<group>"; };
		A843BCFE265D6A3B003A8793 /* MapViewController.swift */ = {isa = PBXFileReference; lastKnownFileType = sourcecode.swift; path = MapViewController.swift; sourceTree = "<group>"; };
		A843BD03265D7C5B003A8793 /* ShowAlertProtocol.swift */ = {isa = PBXFileReference; fileEncoding = 4; lastKnownFileType = sourcecode.swift; path = ShowAlertProtocol.swift; sourceTree = "<group>"; };
		A8492E39266BF680005FF0B4 /* CurtainView.swift */ = {isa = PBXFileReference; lastKnownFileType = sourcecode.swift; path = CurtainView.swift; sourceTree = "<group>"; };
		A8492E41266BF6AF005FF0B4 /* CurtainViewController.swift */ = {isa = PBXFileReference; lastKnownFileType = sourcecode.swift; path = CurtainViewController.swift; sourceTree = "<group>"; };
		A84D3401266C23A800584807 /* CurtainCoordinator.swift */ = {isa = PBXFileReference; lastKnownFileType = sourcecode.swift; path = CurtainCoordinator.swift; sourceTree = "<group>"; };
		A89D56E92668CE9900A1CFDC /* AuthView.swift */ = {isa = PBXFileReference; fileEncoding = 4; lastKnownFileType = sourcecode.swift; path = AuthView.swift; sourceTree = "<group>"; };
		A89D56EE2668CEA100A1CFDC /* AuthViewController.swift */ = {isa = PBXFileReference; fileEncoding = 4; lastKnownFileType = sourcecode.swift; path = AuthViewController.swift; sourceTree = "<group>"; };
		A89D56F42668CEC900A1CFDC /* TableScreenViewDarkStyle.swift */ = {isa = PBXFileReference; fileEncoding = 4; lastKnownFileType = sourcecode.swift; path = TableScreenViewDarkStyle.swift; sourceTree = "<group>"; };
		A89D56F62668CEC900A1CFDC /* NavigationControllerDarkStyle.swift */ = {isa = PBXFileReference; fileEncoding = 4; lastKnownFileType = sourcecode.swift; path = NavigationControllerDarkStyle.swift; sourceTree = "<group>"; };
		A89D56F72668CEC900A1CFDC /* SearchControllerDarkStyle.swift */ = {isa = PBXFileReference; fileEncoding = 4; lastKnownFileType = sourcecode.swift; path = SearchControllerDarkStyle.swift; sourceTree = "<group>"; };
		A89D56F92668CEC900A1CFDC /* SegmentedControlDarkStyle.swift */ = {isa = PBXFileReference; fileEncoding = 4; lastKnownFileType = sourcecode.swift; path = SegmentedControlDarkStyle.swift; sourceTree = "<group>"; };
		A89D56FA2668CEC900A1CFDC /* DataUserViewDarkStyle.swift */ = {isa = PBXFileReference; fileEncoding = 4; lastKnownFileType = sourcecode.swift; path = DataUserViewDarkStyle.swift; sourceTree = "<group>"; };
		A89D56FB2668CEC900A1CFDC /* TextViewDarkStyle.swift */ = {isa = PBXFileReference; fileEncoding = 4; lastKnownFileType = sourcecode.swift; path = TextViewDarkStyle.swift; sourceTree = "<group>"; };
		A89D56FC2668CEC900A1CFDC /* ActivityIndicatorDarkStyle.swift */ = {isa = PBXFileReference; fileEncoding = 4; lastKnownFileType = sourcecode.swift; path = ActivityIndicatorDarkStyle.swift; sourceTree = "<group>"; };
		A89D56FD2668CEC900A1CFDC /* ScrollViewDarkStyle.swift */ = {isa = PBXFileReference; fileEncoding = 4; lastKnownFileType = sourcecode.swift; path = ScrollViewDarkStyle.swift; sourceTree = "<group>"; };
		A89D56FE2668CEC900A1CFDC /* ResultViewDarkStyle.swift */ = {isa = PBXFileReference; fileEncoding = 4; lastKnownFileType = sourcecode.swift; path = ResultViewDarkStyle.swift; sourceTree = "<group>"; };
		A89D56FF2668CEC900A1CFDC /* ButtonDarkStyle.swift */ = {isa = PBXFileReference; fileEncoding = 4; lastKnownFileType = sourcecode.swift; path = ButtonDarkStyle.swift; sourceTree = "<group>"; };
		A89D57002668CEC900A1CFDC /* LabelDarkStyle.swift */ = {isa = PBXFileReference; fileEncoding = 4; lastKnownFileType = sourcecode.swift; path = LabelDarkStyle.swift; sourceTree = "<group>"; };
		A89D57012668CEC900A1CFDC /* TableViewDarkStyle.swift */ = {isa = PBXFileReference; fileEncoding = 4; lastKnownFileType = sourcecode.swift; path = TableViewDarkStyle.swift; sourceTree = "<group>"; };
		A89D57022668CEC900A1CFDC /* RefreshControlDarkStyle.swift */ = {isa = PBXFileReference; fileEncoding = 4; lastKnownFileType = sourcecode.swift; path = RefreshControlDarkStyle.swift; sourceTree = "<group>"; };
		A89D57032668CEC900A1CFDC /* TextFieldDarkStyle.swift */ = {isa = PBXFileReference; fileEncoding = 4; lastKnownFileType = sourcecode.swift; path = TextFieldDarkStyle.swift; sourceTree = "<group>"; };
		A89D57192668CFB100A1CFDC /* CheckingUsernameAndPassword.swift */ = {isa = PBXFileReference; fileEncoding = 4; lastKnownFileType = sourcecode.swift; path = CheckingUsernameAndPassword.swift; sourceTree = "<group>"; };
		A89D571F2668CFCD00A1CFDC /* SeparatorFactory.swift */ = {isa = PBXFileReference; fileEncoding = 4; lastKnownFileType = sourcecode.swift; path = SeparatorFactory.swift; sourceTree = "<group>"; };
		A89D57242668D42500A1CFDC /* DataUserError.swift */ = {isa = PBXFileReference; fileEncoding = 4; lastKnownFileType = sourcecode.swift; path = DataUserError.swift; sourceTree = "<group>"; };
		A89D57322668E25500A1CFDC /* RegistrationView.swift */ = {isa = PBXFileReference; fileEncoding = 4; lastKnownFileType = sourcecode.swift; path = RegistrationView.swift; sourceTree = "<group>"; };
		A89D57372668E26600A1CFDC /* RegistrationViewController.swift */ = {isa = PBXFileReference; fileEncoding = 4; lastKnownFileType = sourcecode.swift; path = RegistrationViewController.swift; sourceTree = "<group>"; };
		A89D57422668F69B00A1CFDC /* User.swift */ = {isa = PBXFileReference; lastKnownFileType = sourcecode.swift; path = User.swift; sourceTree = "<group>"; };
		A89D57472668F96B00A1CFDC /* BaseCoordinator.swift */ = {isa = PBXFileReference; lastKnownFileType = sourcecode.swift; path = BaseCoordinator.swift; sourceTree = "<group>"; };
		A89D574C2668FA7200A1CFDC /* ApplicationCoordinator.swift */ = {isa = PBXFileReference; lastKnownFileType = sourcecode.swift; path = ApplicationCoordinator.swift; sourceTree = "<group>"; };
		A89D57522668FCBC00A1CFDC /* AuthCoordinator.swift */ = {isa = PBXFileReference; lastKnownFileType = sourcecode.swift; path = AuthCoordinator.swift; sourceTree = "<group>"; };
		A89D575A266900B700A1CFDC /* RealmUserServiceProtocol.swift */ = {isa = PBXFileReference; lastKnownFileType = sourcecode.swift; path = RealmUserServiceProtocol.swift; sourceTree = "<group>"; };
		A89D5775266910AF00A1CFDC /* MapCoordinator.swift */ = {isa = PBXFileReference; lastKnownFileType = sourcecode.swift; path = MapCoordinator.swift; sourceTree = "<group>"; };
		A8B3F74B26611D6B00787C88 /* RealmService.swift */ = {isa = PBXFileReference; lastKnownFileType = sourcecode.swift; path = RealmService.swift; sourceTree = "<group>"; };
		A8B3F7502661228D00787C88 /* Path.swift */ = {isa = PBXFileReference; lastKnownFileType = sourcecode.swift; path = Path.swift; sourceTree = "<group>"; };
		A8B3F7552661261C00787C88 /* Coordinate.swift */ = {isa = PBXFileReference; lastKnownFileType = sourcecode.swift; path = Coordinate.swift; sourceTree = "<group>"; };
		A8BC0634267A23EC00C7D1A8 /* LocalNotification.swift */ = {isa = PBXFileReference; lastKnownFileType = sourcecode.swift; path = LocalNotification.swift; sourceTree = "<group>"; };
		A8BC063C267A2B7C00C7D1A8 /* AbstractLocalNotification.swift */ = {isa = PBXFileReference; lastKnownFileType = sourcecode.swift; path = AbstractLocalNotification.swift; sourceTree = "<group>"; };
		A8D9132C2672404600722174 /* LocationManager.swift */ = {isa = PBXFileReference; lastKnownFileType = sourcecode.swift; path = LocationManager.swift; sourceTree = "<group>"; };
		A8DEB248266399AC00BD6295 /* RealmMapServiceProtocol.swift */ = {isa = PBXFileReference; lastKnownFileType = sourcecode.swift; path = RealmMapServiceProtocol.swift; sourceTree = "<group>"; };
		BBB027CFA30EE12CBDC634D3 /* Pods-RouteTracker.release.xcconfig */ = {isa = PBXFileReference; includeInIndex = 1; lastKnownFileType = text.xcconfig; name = "Pods-RouteTracker.release.xcconfig"; path = "Target Support Files/Pods-RouteTracker/Pods-RouteTracker.release.xcconfig"; sourceTree = "<group>"; };
		BE0065C1786175E75F5E5E7A /* Pods-RouteTracker-RouteTrackerUITests.release.xcconfig */ = {isa = PBXFileReference; includeInIndex = 1; lastKnownFileType = text.xcconfig; name = "Pods-RouteTracker-RouteTrackerUITests.release.xcconfig"; path = "Target Support Files/Pods-RouteTracker-RouteTrackerUITests/Pods-RouteTracker-RouteTrackerUITests.release.xcconfig"; sourceTree = "<group>"; };
		CBF8F573A9A1F41687FD3B82 /* Pods-RouteTrackerTests.release.xcconfig */ = {isa = PBXFileReference; includeInIndex = 1; lastKnownFileType = text.xcconfig; name = "Pods-RouteTrackerTests.release.xcconfig"; path = "Target Support Files/Pods-RouteTrackerTests/Pods-RouteTrackerTests.release.xcconfig"; sourceTree = "<group>"; };
		CFBC457DB4347B7532BF3028 /* Pods_RouteTracker_RouteTrackerUITests.framework */ = {isa = PBXFileReference; explicitFileType = wrapper.framework; includeInIndex = 0; path = Pods_RouteTracker_RouteTrackerUITests.framework; sourceTree = BUILT_PRODUCTS_DIR; };
		F7E0237A4142431FD357F60F /* Pods_RouteTracker.framework */ = {isa = PBXFileReference; explicitFileType = wrapper.framework; includeInIndex = 0; path = Pods_RouteTracker.framework; sourceTree = BUILT_PRODUCTS_DIR; };
/* End PBXFileReference section */

/* Begin PBXFrameworksBuildPhase section */
		A82A7602265D13AA0038016A /* Frameworks */ = {
			isa = PBXFrameworksBuildPhase;
			buildActionMask = 2147483647;
			files = (
				82B57F58BA7417C4C0A14AB0 /* Pods_RouteTracker.framework in Frameworks */,
			);
			runOnlyForDeploymentPostprocessing = 0;
		};
		A82A761B265D13AD0038016A /* Frameworks */ = {
			isa = PBXFrameworksBuildPhase;
			buildActionMask = 2147483647;
			files = (
				3E396B1F96FE7D09C2B1AD50 /* Pods_RouteTrackerTests.framework in Frameworks */,
			);
			runOnlyForDeploymentPostprocessing = 0;
		};
		A82A7626265D13AD0038016A /* Frameworks */ = {
			isa = PBXFrameworksBuildPhase;
			buildActionMask = 2147483647;
			files = (
				6302CEC6858B5E39F27D56A0 /* Pods_RouteTracker_RouteTrackerUITests.framework in Frameworks */,
			);
			runOnlyForDeploymentPostprocessing = 0;
		};
/* End PBXFrameworksBuildPhase section */

/* Begin PBXGroup section */
		3EB3DB7EC293EF675F96218E /* Frameworks */ = {
			isa = PBXGroup;
			children = (
				F7E0237A4142431FD357F60F /* Pods_RouteTracker.framework */,
				CFBC457DB4347B7532BF3028 /* Pods_RouteTracker_RouteTrackerUITests.framework */,
				4423CA8ED7121D7A0E20FFC5 /* Pods_RouteTrackerTests.framework */,
			);
			name = Frameworks;
			sourceTree = "<group>";
		};
		7651029F9E57EE50952E7967 /* Pods */ = {
			isa = PBXGroup;
			children = (
				19ADEA06655D922A8C41C2CF /* Pods-RouteTracker.debug.xcconfig */,
				BBB027CFA30EE12CBDC634D3 /* Pods-RouteTracker.release.xcconfig */,
				49FA042FD7A58EC76125B162 /* Pods-RouteTracker-RouteTrackerUITests.debug.xcconfig */,
				BE0065C1786175E75F5E5E7A /* Pods-RouteTracker-RouteTrackerUITests.release.xcconfig */,
				5753F02F52CC422EE9D8ED48 /* Pods-RouteTrackerTests.debug.xcconfig */,
				CBF8F573A9A1F41687FD3B82 /* Pods-RouteTrackerTests.release.xcconfig */,
			);
			path = Pods;
			sourceTree = "<group>";
		};
		A82A75FC265D13AA0038016A = {
			isa = PBXGroup;
			children = (
				A82A7607265D13AA0038016A /* RouteTracker */,
				A82A7621265D13AD0038016A /* RouteTrackerTests */,
				A82A762C265D13AD0038016A /* RouteTrackerUITests */,
				A82A7606265D13AA0038016A /* Products */,
				7651029F9E57EE50952E7967 /* Pods */,
				3EB3DB7EC293EF675F96218E /* Frameworks */,
			);
			sourceTree = "<group>";
		};
		A82A7606265D13AA0038016A /* Products */ = {
			isa = PBXGroup;
			children = (
				A82A7605265D13AA0038016A /* RouteTracker.app */,
				A82A761E265D13AD0038016A /* RouteTrackerTests.xctest */,
				A82A7629265D13AD0038016A /* RouteTrackerUITests.xctest */,
			);
			name = Products;
			sourceTree = "<group>";
		};
		A82A7607265D13AA0038016A /* RouteTracker */ = {
			isa = PBXGroup;
			children = (
				A82A7657265D38880038016A /* App */,
				A82A765C265D392A0038016A /* Core */,
				A82A765D265D39400038016A /* Resources */,
				A82A765E265D39550038016A /* Environments */,
				A82A7616265D13AC0038016A /* LaunchScreen.storyboard */,
			);
			path = RouteTracker;
			sourceTree = "<group>";
		};
		A82A7621265D13AD0038016A /* RouteTrackerTests */ = {
			isa = PBXGroup;
			children = (
				A82A7622265D13AD0038016A /* RouteTrackerTests.swift */,
				A82A7624265D13AD0038016A /* Info.plist */,
			);
			path = RouteTrackerTests;
			sourceTree = "<group>";
		};
		A82A762C265D13AD0038016A /* RouteTrackerUITests */ = {
			isa = PBXGroup;
			children = (
				A82A762D265D13AD0038016A /* RouteTrackerUITests.swift */,
				A82A762F265D13AD0038016A /* Info.plist */,
			);
			path = RouteTrackerUITests;
			sourceTree = "<group>";
		};
		A82A7657265D38880038016A /* App */ = {
			isa = PBXGroup;
			children = (
				A82A7608265D13AA0038016A /* AppDelegate.swift */,
				A82A760A265D13AA0038016A /* SceneDelegate.swift */,
				A89D574C2668FA7200A1CFDC /* ApplicationCoordinator.swift */,
				A82A765A265D38DC0038016A /* Assembly */,
				A82A7658265D38B70038016A /* BusinessLogic */,
				A82A7659265D38CE0038016A /* Entity */,
				A82A765B265D38FF0038016A /* Flows */,
			);
			path = App;
			sourceTree = "<group>";
		};
		A82A7658265D38B70038016A /* BusinessLogic */ = {
			isa = PBXGroup;
			children = (
				A8BC0633267A238000C7D1A8 /* LocalNotification */,
				A8D9132B2672402800722174 /* LocationManager */,
				A8B3F74A26611D4300787C88 /* Realm */,
				A89D571E2668CFCD00A1CFDC /* SeparatorFabrica */,
			);
			path = BusinessLogic;
			sourceTree = "<group>";
		};
		A82A7659265D38CE0038016A /* Entity */ = {
			isa = PBXGroup;
			children = (
				A89D57152668CECD00A1CFDC /* Realm */,
				A89D56F32668CEC900A1CFDC /* CutomUI */,
			);
			path = Entity;
			sourceTree = "<group>";
		};
		A82A765A265D38DC0038016A /* Assembly */ = {
			isa = PBXGroup;
			children = (
			);
			path = Assembly;
			sourceTree = "<group>";
		};
		A82A765B265D38FF0038016A /* Flows */ = {
			isa = PBXGroup;
			children = (
				A89D57192668CFB100A1CFDC /* CheckingUsernameAndPassword.swift */,
				A89D57242668D42500A1CFDC /* DataUserError.swift */,
				A843BD03265D7C5B003A8793 /* ShowAlertProtocol.swift */,
				A8492E36266BF579005FF0B4 /* Curtain */,
				A89D56C62668C89D00A1CFDC /* Auth */,
				A89D56C72668C8A000A1CFDC /* Registration */,
				A843BCF3265D69C7003A8793 /* Map */,
			);
			path = Flows;
			sourceTree = "<group>";
		};
		A82A765C265D392A0038016A /* Core */ = {
			isa = PBXGroup;
			children = (
				A8866655266950FC00A5BE24 /* BaseCoordinator */,
			);
			path = Core;
			sourceTree = "<group>";
		};
		A82A765D265D39400038016A /* Resources */ = {
			isa = PBXGroup;
			children = (
				A82A7614265D13AC0038016A /* Assets.xcassets */,
				A82A7611265D13AA0038016A /* RouteTracker.xcdatamodeld */,
			);
			path = Resources;
			sourceTree = "<group>";
		};
		A82A765E265D39550038016A /* Environments */ = {
			isa = PBXGroup;
			children = (
				A82A7619265D13AC0038016A /* Info.plist */,
			);
			path = Environments;
			sourceTree = "<group>";
		};
		A843BCF3265D69C7003A8793 /* Map */ = {
			isa = PBXGroup;
			children = (
				A843BCF4265D69D5003A8793 /* View */,
				A843BCF5265D69DC003A8793 /* ViewController */,
				A89D57742669109600A1CFDC /* Coordinator */,
			);
			path = Map;
			sourceTree = "<group>";
		};
		A843BCF4265D69D5003A8793 /* View */ = {
			isa = PBXGroup;
			children = (
				A843BCF6265D6A1E003A8793 /* MapView.swift */,
			);
			path = View;
			sourceTree = "<group>";
		};
		A843BCF5265D69DC003A8793 /* ViewController */ = {
			isa = PBXGroup;
			children = (
				A843BCFE265D6A3B003A8793 /* MapViewController.swift */,
			);
			path = ViewController;
			sourceTree = "<group>";
		};
		A8492E36266BF579005FF0B4 /* Curtain */ = {
			isa = PBXGroup;
			children = (
				A8492E37266BF65B005FF0B4 /* View */,
				A8492E38266BF660005FF0B4 /* Controller */,
				A84D3400266C238D00584807 /* Coordinator */,
			);
			path = Curtain;
			sourceTree = "<group>";
		};
		A8492E37266BF65B005FF0B4 /* View */ = {
			isa = PBXGroup;
			children = (
				A8492E39266BF680005FF0B4 /* CurtainView.swift */,
			);
			path = View;
			sourceTree = "<group>";
		};
		A8492E38266BF660005FF0B4 /* Controller */ = {
			isa = PBXGroup;
			children = (
				A8492E41266BF6AF005FF0B4 /* CurtainViewController.swift */,
			);
			path = Controller;
			sourceTree = "<group>";
		};
		A84D3400266C238D00584807 /* Coordinator */ = {
			isa = PBXGroup;
			children = (
				A84D3401266C23A800584807 /* CurtainCoordinator.swift */,
			);
			path = Coordinator;
			sourceTree = "<group>";
		};
		A8866655266950FC00A5BE24 /* BaseCoordinator */ = {
			isa = PBXGroup;
			children = (
				A89D57472668F96B00A1CFDC /* BaseCoordinator.swift */,
			);
			path = BaseCoordinator;
			sourceTree = "<group>";
		};
		A89D56C62668C89D00A1CFDC /* Auth */ = {
			isa = PBXGroup;
			children = (
				A89D56CA2668C8E700A1CFDC /* VIew */,
				A89D56CB2668C8EB00A1CFDC /* Controller */,
				A89D57512668FCA000A1CFDC /* Coordinator */,
			);
			path = Auth;
			sourceTree = "<group>";
		};
		A89D56C72668C8A000A1CFDC /* Registration */ = {
			isa = PBXGroup;
			children = (
				A89D56C82668C8D900A1CFDC /* View */,
				A89D56C92668C8DF00A1CFDC /* Controller */,
			);
			path = Registration;
			sourceTree = "<group>";
		};
		A89D56C82668C8D900A1CFDC /* View */ = {
			isa = PBXGroup;
			children = (
				A89D57322668E25500A1CFDC /* RegistrationView.swift */,
			);
			path = View;
			sourceTree = "<group>";
		};
		A89D56C92668C8DF00A1CFDC /* Controller */ = {
			isa = PBXGroup;
			children = (
				A89D57372668E26600A1CFDC /* RegistrationViewController.swift */,
			);
			path = Controller;
			sourceTree = "<group>";
		};
		A89D56CA2668C8E700A1CFDC /* VIew */ = {
			isa = PBXGroup;
			children = (
				A89D56E92668CE9900A1CFDC /* AuthView.swift */,
			);
			path = VIew;
			sourceTree = "<group>";
		};
		A89D56CB2668C8EB00A1CFDC /* Controller */ = {
			isa = PBXGroup;
			children = (
				A89D56EE2668CEA100A1CFDC /* AuthViewController.swift */,
			);
			path = Controller;
			sourceTree = "<group>";
		};
		A89D56F32668CEC900A1CFDC /* CutomUI */ = {
			isa = PBXGroup;
			children = (
				A89D56F42668CEC900A1CFDC /* TableScreenViewDarkStyle.swift */,
				A89D56F52668CEC900A1CFDC /* Controller */,
				A89D56F82668CEC900A1CFDC /* VIew */,
			);
			path = CutomUI;
			sourceTree = "<group>";
		};
		A89D56F52668CEC900A1CFDC /* Controller */ = {
			isa = PBXGroup;
			children = (
				A89D56F62668CEC900A1CFDC /* NavigationControllerDarkStyle.swift */,
				A89D56F72668CEC900A1CFDC /* SearchControllerDarkStyle.swift */,
			);
			path = Controller;
			sourceTree = "<group>";
		};
		A89D56F82668CEC900A1CFDC /* VIew */ = {
			isa = PBXGroup;
			children = (
				A89D56F92668CEC900A1CFDC /* SegmentedControlDarkStyle.swift */,
				A89D56FA2668CEC900A1CFDC /* DataUserViewDarkStyle.swift */,
				A89D56FB2668CEC900A1CFDC /* TextViewDarkStyle.swift */,
				A89D56FC2668CEC900A1CFDC /* ActivityIndicatorDarkStyle.swift */,
				A89D56FD2668CEC900A1CFDC /* ScrollViewDarkStyle.swift */,
				A89D56FE2668CEC900A1CFDC /* ResultViewDarkStyle.swift */,
				A89D56FF2668CEC900A1CFDC /* ButtonDarkStyle.swift */,
				A89D57002668CEC900A1CFDC /* LabelDarkStyle.swift */,
				A89D57012668CEC900A1CFDC /* TableViewDarkStyle.swift */,
				A89D57022668CEC900A1CFDC /* RefreshControlDarkStyle.swift */,
				A89D57032668CEC900A1CFDC /* TextFieldDarkStyle.swift */,
			);
			path = VIew;
			sourceTree = "<group>";
		};
		A89D57152668CECD00A1CFDC /* Realm */ = {
			isa = PBXGroup;
			children = (
				A89D57422668F69B00A1CFDC /* User.swift */,
				A8B3F7502661228D00787C88 /* Path.swift */,
				A8B3F7552661261C00787C88 /* Coordinate.swift */,
			);
			path = Realm;
			sourceTree = "<group>";
		};
		A89D571E2668CFCD00A1CFDC /* SeparatorFabrica */ = {
			isa = PBXGroup;
			children = (
				A89D571F2668CFCD00A1CFDC /* SeparatorFactory.swift */,
			);
			path = SeparatorFabrica;
			sourceTree = "<group>";
		};
		A89D57512668FCA000A1CFDC /* Coordinator */ = {
			isa = PBXGroup;
			children = (
				A89D57522668FCBC00A1CFDC /* AuthCoordinator.swift */,
			);
			path = Coordinator;
			sourceTree = "<group>";
		};
		A89D57742669109600A1CFDC /* Coordinator */ = {
			isa = PBXGroup;
			children = (
				A89D5775266910AF00A1CFDC /* MapCoordinator.swift */,
			);
			path = Coordinator;
			sourceTree = "<group>";
		};
		A8B3F74A26611D4300787C88 /* Realm */ = {
			isa = PBXGroup;
			children = (
				A8DEB248266399AC00BD6295 /* RealmMapServiceProtocol.swift */,
				A89D575A266900B700A1CFDC /* RealmUserServiceProtocol.swift */,
				A8B3F74B26611D6B00787C88 /* RealmService.swift */,
			);
			path = Realm;
			sourceTree = "<group>";
		};
		A8BC0633267A238000C7D1A8 /* LocalNotification */ = {
			isa = PBXGroup;
			children = (
				A8BC0634267A23EC00C7D1A8 /* LocalNotification.swift */,
				A8BC063C267A2B7C00C7D1A8 /* AbstractLocalNotification.swift */,
			);
			path = LocalNotification;
			sourceTree = "<group>";
		};
		A8D9132B2672402800722174 /* LocationManager */ = {
			isa = PBXGroup;
			children = (
				A8D9132C2672404600722174 /* LocationManager.swift */,
			);
			path = LocationManager;
			sourceTree = "<group>";
		};
/* End PBXGroup section */

/* Begin PBXNativeTarget section */
		A82A7604265D13AA0038016A /* RouteTracker */ = {
			isa = PBXNativeTarget;
			buildConfigurationList = A82A7632265D13AD0038016A /* Build configuration list for PBXNativeTarget "RouteTracker" */;
			buildPhases = (
				9E04B079C1FCB5E56912B8AE /* [CP] Check Pods Manifest.lock */,
				A82A7601265D13AA0038016A /* Sources */,
				A82A7602265D13AA0038016A /* Frameworks */,
				A82A7603265D13AA0038016A /* Resources */,
				6AC40E561D97B0D2BEF257A4 /* [CP] Copy Pods Resources */,
				794D08CCBA5FA3A9F4E14DA9 /* [CP] Embed Pods Frameworks */,
			);
			buildRules = (
			);
			dependencies = (
			);
			name = RouteTracker;
			productName = RouteTracker;
			productReference = A82A7605265D13AA0038016A /* RouteTracker.app */;
			productType = "com.apple.product-type.application";
		};
		A82A761D265D13AD0038016A /* RouteTrackerTests */ = {
			isa = PBXNativeTarget;
			buildConfigurationList = A82A7635265D13AD0038016A /* Build configuration list for PBXNativeTarget "RouteTrackerTests" */;
			buildPhases = (
				F681DD49BE0A52AADFF234AD /* [CP] Check Pods Manifest.lock */,
				A82A761A265D13AD0038016A /* Sources */,
				A82A761B265D13AD0038016A /* Frameworks */,
				A82A761C265D13AD0038016A /* Resources */,
			);
			buildRules = (
			);
			dependencies = (
				A82A7620265D13AD0038016A /* PBXTargetDependency */,
			);
			name = RouteTrackerTests;
			productName = RouteTrackerTests;
			productReference = A82A761E265D13AD0038016A /* RouteTrackerTests.xctest */;
			productType = "com.apple.product-type.bundle.unit-test";
		};
		A82A7628265D13AD0038016A /* RouteTrackerUITests */ = {
			isa = PBXNativeTarget;
			buildConfigurationList = A82A7638265D13AD0038016A /* Build configuration list for PBXNativeTarget "RouteTrackerUITests" */;
			buildPhases = (
				F4110B3724A99EF44FF93B63 /* [CP] Check Pods Manifest.lock */,
				A82A7625265D13AD0038016A /* Sources */,
				A82A7626265D13AD0038016A /* Frameworks */,
				A82A7627265D13AD0038016A /* Resources */,
				CECAE9CA6C7926875AE4D9F7 /* [CP] Copy Pods Resources */,
				495BC837229DDEE90BECBCCB /* [CP] Embed Pods Frameworks */,
			);
			buildRules = (
			);
			dependencies = (
				A82A762B265D13AD0038016A /* PBXTargetDependency */,
			);
			name = RouteTrackerUITests;
			productName = RouteTrackerUITests;
			productReference = A82A7629265D13AD0038016A /* RouteTrackerUITests.xctest */;
			productType = "com.apple.product-type.bundle.ui-testing";
		};
/* End PBXNativeTarget section */

/* Begin PBXProject section */
		A82A75FD265D13AA0038016A /* Project object */ = {
			isa = PBXProject;
			attributes = {
				LastSwiftUpdateCheck = 1240;
				LastUpgradeCheck = 1240;
				TargetAttributes = {
					A82A7604265D13AA0038016A = {
						CreatedOnToolsVersion = 12.4;
					};
					A82A761D265D13AD0038016A = {
						CreatedOnToolsVersion = 12.4;
						TestTargetID = A82A7604265D13AA0038016A;
					};
					A82A7628265D13AD0038016A = {
						CreatedOnToolsVersion = 12.4;
						TestTargetID = A82A7604265D13AA0038016A;
					};
				};
			};
			buildConfigurationList = A82A7600265D13AA0038016A /* Build configuration list for PBXProject "RouteTracker" */;
			compatibilityVersion = "Xcode 9.3";
			developmentRegion = en;
			hasScannedForEncodings = 0;
			knownRegions = (
				en,
				Base,
			);
			mainGroup = A82A75FC265D13AA0038016A;
			productRefGroup = A82A7606265D13AA0038016A /* Products */;
			projectDirPath = "";
			projectRoot = "";
			targets = (
				A82A7604265D13AA0038016A /* RouteTracker */,
				A82A761D265D13AD0038016A /* RouteTrackerTests */,
				A82A7628265D13AD0038016A /* RouteTrackerUITests */,
			);
		};
/* End PBXProject section */

/* Begin PBXResourcesBuildPhase section */
		A82A7603265D13AA0038016A /* Resources */ = {
			isa = PBXResourcesBuildPhase;
			buildActionMask = 2147483647;
			files = (
				A82A7618265D13AC0038016A /* LaunchScreen.storyboard in Resources */,
				A82A7615265D13AC0038016A /* Assets.xcassets in Resources */,
			);
			runOnlyForDeploymentPostprocessing = 0;
		};
		A82A761C265D13AD0038016A /* Resources */ = {
			isa = PBXResourcesBuildPhase;
			buildActionMask = 2147483647;
			files = (
			);
			runOnlyForDeploymentPostprocessing = 0;
		};
		A82A7627265D13AD0038016A /* Resources */ = {
			isa = PBXResourcesBuildPhase;
			buildActionMask = 2147483647;
			files = (
			);
			runOnlyForDeploymentPostprocessing = 0;
		};
/* End PBXResourcesBuildPhase section */

/* Begin PBXShellScriptBuildPhase section */
		495BC837229DDEE90BECBCCB /* [CP] Embed Pods Frameworks */ = {
			isa = PBXShellScriptBuildPhase;
			buildActionMask = 2147483647;
			files = (
			);
			inputFileListPaths = (
				"${PODS_ROOT}/Target Support Files/Pods-RouteTracker-RouteTrackerUITests/Pods-RouteTracker-RouteTrackerUITests-frameworks-${CONFIGURATION}-input-files.xcfilelist",
			);
			name = "[CP] Embed Pods Frameworks";
			outputFileListPaths = (
				"${PODS_ROOT}/Target Support Files/Pods-RouteTracker-RouteTrackerUITests/Pods-RouteTracker-RouteTrackerUITests-frameworks-${CONFIGURATION}-output-files.xcfilelist",
			);
			runOnlyForDeploymentPostprocessing = 0;
			shellPath = /bin/sh;
			shellScript = "\"${PODS_ROOT}/Target Support Files/Pods-RouteTracker-RouteTrackerUITests/Pods-RouteTracker-RouteTrackerUITests-frameworks.sh\"\n";
			showEnvVarsInLog = 0;
		};
		6AC40E561D97B0D2BEF257A4 /* [CP] Copy Pods Resources */ = {
			isa = PBXShellScriptBuildPhase;
			buildActionMask = 2147483647;
			files = (
			);
			inputFileListPaths = (
				"${PODS_ROOT}/Target Support Files/Pods-RouteTracker/Pods-RouteTracker-resources-${CONFIGURATION}-input-files.xcfilelist",
			);
			name = "[CP] Copy Pods Resources";
			outputFileListPaths = (
				"${PODS_ROOT}/Target Support Files/Pods-RouteTracker/Pods-RouteTracker-resources-${CONFIGURATION}-output-files.xcfilelist",
			);
			runOnlyForDeploymentPostprocessing = 0;
			shellPath = /bin/sh;
			shellScript = "\"${PODS_ROOT}/Target Support Files/Pods-RouteTracker/Pods-RouteTracker-resources.sh\"\n";
			showEnvVarsInLog = 0;
		};
		794D08CCBA5FA3A9F4E14DA9 /* [CP] Embed Pods Frameworks */ = {
			isa = PBXShellScriptBuildPhase;
			buildActionMask = 2147483647;
			files = (
			);
			inputFileListPaths = (
				"${PODS_ROOT}/Target Support Files/Pods-RouteTracker/Pods-RouteTracker-frameworks-${CONFIGURATION}-input-files.xcfilelist",
			);
			name = "[CP] Embed Pods Frameworks";
			outputFileListPaths = (
				"${PODS_ROOT}/Target Support Files/Pods-RouteTracker/Pods-RouteTracker-frameworks-${CONFIGURATION}-output-files.xcfilelist",
			);
			runOnlyForDeploymentPostprocessing = 0;
			shellPath = /bin/sh;
			shellScript = "\"${PODS_ROOT}/Target Support Files/Pods-RouteTracker/Pods-RouteTracker-frameworks.sh\"\n";
			showEnvVarsInLog = 0;
		};
		9E04B079C1FCB5E56912B8AE /* [CP] Check Pods Manifest.lock */ = {
			isa = PBXShellScriptBuildPhase;
			buildActionMask = 2147483647;
			files = (
			);
			inputFileListPaths = (
			);
			inputPaths = (
				"${PODS_PODFILE_DIR_PATH}/Podfile.lock",
				"${PODS_ROOT}/Manifest.lock",
			);
			name = "[CP] Check Pods Manifest.lock";
			outputFileListPaths = (
			);
			outputPaths = (
				"$(DERIVED_FILE_DIR)/Pods-RouteTracker-checkManifestLockResult.txt",
			);
			runOnlyForDeploymentPostprocessing = 0;
			shellPath = /bin/sh;
			shellScript = "diff \"${PODS_PODFILE_DIR_PATH}/Podfile.lock\" \"${PODS_ROOT}/Manifest.lock\" > /dev/null\nif [ $? != 0 ] ; then\n    # print error to STDERR\n    echo \"error: The sandbox is not in sync with the Podfile.lock. Run 'pod install' or update your CocoaPods installation.\" >&2\n    exit 1\nfi\n# This output is used by Xcode 'outputs' to avoid re-running this script phase.\necho \"SUCCESS\" > \"${SCRIPT_OUTPUT_FILE_0}\"\n";
			showEnvVarsInLog = 0;
		};
		CECAE9CA6C7926875AE4D9F7 /* [CP] Copy Pods Resources */ = {
			isa = PBXShellScriptBuildPhase;
			buildActionMask = 2147483647;
			files = (
			);
			inputFileListPaths = (
				"${PODS_ROOT}/Target Support Files/Pods-RouteTracker-RouteTrackerUITests/Pods-RouteTracker-RouteTrackerUITests-resources-${CONFIGURATION}-input-files.xcfilelist",
			);
			name = "[CP] Copy Pods Resources";
			outputFileListPaths = (
				"${PODS_ROOT}/Target Support Files/Pods-RouteTracker-RouteTrackerUITests/Pods-RouteTracker-RouteTrackerUITests-resources-${CONFIGURATION}-output-files.xcfilelist",
			);
			runOnlyForDeploymentPostprocessing = 0;
			shellPath = /bin/sh;
			shellScript = "\"${PODS_ROOT}/Target Support Files/Pods-RouteTracker-RouteTrackerUITests/Pods-RouteTracker-RouteTrackerUITests-resources.sh\"\n";
			showEnvVarsInLog = 0;
		};
		F4110B3724A99EF44FF93B63 /* [CP] Check Pods Manifest.lock */ = {
			isa = PBXShellScriptBuildPhase;
			buildActionMask = 2147483647;
			files = (
			);
			inputFileListPaths = (
			);
			inputPaths = (
				"${PODS_PODFILE_DIR_PATH}/Podfile.lock",
				"${PODS_ROOT}/Manifest.lock",
			);
			name = "[CP] Check Pods Manifest.lock";
			outputFileListPaths = (
			);
			outputPaths = (
				"$(DERIVED_FILE_DIR)/Pods-RouteTracker-RouteTrackerUITests-checkManifestLockResult.txt",
			);
			runOnlyForDeploymentPostprocessing = 0;
			shellPath = /bin/sh;
			shellScript = "diff \"${PODS_PODFILE_DIR_PATH}/Podfile.lock\" \"${PODS_ROOT}/Manifest.lock\" > /dev/null\nif [ $? != 0 ] ; then\n    # print error to STDERR\n    echo \"error: The sandbox is not in sync with the Podfile.lock. Run 'pod install' or update your CocoaPods installation.\" >&2\n    exit 1\nfi\n# This output is used by Xcode 'outputs' to avoid re-running this script phase.\necho \"SUCCESS\" > \"${SCRIPT_OUTPUT_FILE_0}\"\n";
			showEnvVarsInLog = 0;
		};
		F681DD49BE0A52AADFF234AD /* [CP] Check Pods Manifest.lock */ = {
			isa = PBXShellScriptBuildPhase;
			buildActionMask = 2147483647;
			files = (
			);
			inputFileListPaths = (
			);
			inputPaths = (
				"${PODS_PODFILE_DIR_PATH}/Podfile.lock",
				"${PODS_ROOT}/Manifest.lock",
			);
			name = "[CP] Check Pods Manifest.lock";
			outputFileListPaths = (
			);
			outputPaths = (
				"$(DERIVED_FILE_DIR)/Pods-RouteTrackerTests-checkManifestLockResult.txt",
			);
			runOnlyForDeploymentPostprocessing = 0;
			shellPath = /bin/sh;
			shellScript = "diff \"${PODS_PODFILE_DIR_PATH}/Podfile.lock\" \"${PODS_ROOT}/Manifest.lock\" > /dev/null\nif [ $? != 0 ] ; then\n    # print error to STDERR\n    echo \"error: The sandbox is not in sync with the Podfile.lock. Run 'pod install' or update your CocoaPods installation.\" >&2\n    exit 1\nfi\n# This output is used by Xcode 'outputs' to avoid re-running this script phase.\necho \"SUCCESS\" > \"${SCRIPT_OUTPUT_FILE_0}\"\n";
			showEnvVarsInLog = 0;
		};
/* End PBXShellScriptBuildPhase section */

/* Begin PBXSourcesBuildPhase section */
		A82A7601265D13AA0038016A /* Sources */ = {
			isa = PBXSourcesBuildPhase;
			buildActionMask = 2147483647;
			files = (
				A89D57042668CEC900A1CFDC /* TableScreenViewDarkStyle.swift in Sources */,
				A82A7613265D13AA0038016A /* RouteTracker.xcdatamodeld in Sources */,
				A843BCFF265D6A3B003A8793 /* MapViewController.swift in Sources */,
				A89D56EA2668CE9900A1CFDC /* AuthView.swift in Sources */,
				A89D57432668F69B00A1CFDC /* User.swift in Sources */,
				A8B3F7512661228D00787C88 /* Path.swift in Sources */,
				A89D570C2668CEC900A1CFDC /* ResultViewDarkStyle.swift in Sources */,
				A89D57082668CEC900A1CFDC /* DataUserViewDarkStyle.swift in Sources */,
				A89D57072668CEC900A1CFDC /* SegmentedControlDarkStyle.swift in Sources */,
				A89D57382668E26600A1CFDC /* RegistrationViewController.swift in Sources */,
				A89D570A2668CEC900A1CFDC /* ActivityIndicatorDarkStyle.swift in Sources */,
				A89D57332668E25500A1CFDC /* RegistrationView.swift in Sources */,
				A8B3F74C26611D6B00787C88 /* RealmService.swift in Sources */,
				A84D3402266C23A800584807 /* CurtainCoordinator.swift in Sources */,
				A89D570E2668CEC900A1CFDC /* LabelDarkStyle.swift in Sources */,
				A89D57092668CEC900A1CFDC /* TextViewDarkStyle.swift in Sources */,
				A843BCF7265D6A1E003A8793 /* MapView.swift in Sources */,
				A8B3F7562661261C00787C88 /* Coordinate.swift in Sources */,
				A89D574D2668FA7200A1CFDC /* ApplicationCoordinator.swift in Sources */,
				A8492E42266BF6AF005FF0B4 /* CurtainViewController.swift in Sources */,
				A89D57202668CFCD00A1CFDC /* SeparatorFactory.swift in Sources */,
				A89D570D2668CEC900A1CFDC /* ButtonDarkStyle.swift in Sources */,
				A82A7609265D13AA0038016A /* AppDelegate.swift in Sources */,
				A89D57252668D42600A1CFDC /* DataUserError.swift in Sources */,
				A89D56EF2668CEA100A1CFDC /* AuthViewController.swift in Sources */,
				A8D9132D2672404600722174 /* LocationManager.swift in Sources */,
				A8BC063D267A2B7C00C7D1A8 /* AbstractLocalNotification.swift in Sources */,
				A89D57112668CEC900A1CFDC /* TextFieldDarkStyle.swift in Sources */,
				A82A760B265D13AA0038016A /* SceneDelegate.swift in Sources */,
				A89D57532668FCBC00A1CFDC /* AuthCoordinator.swift in Sources */,
				A89D57052668CEC900A1CFDC /* NavigationControllerDarkStyle.swift in Sources */,
				A8492E3A266BF680005FF0B4 /* CurtainView.swift in Sources */,
				A89D5776266910AF00A1CFDC /* MapCoordinator.swift in Sources */,
				A8BC0635267A23EC00C7D1A8 /* LocalNotification.swift in Sources */,
				A89D57062668CEC900A1CFDC /* SearchControllerDarkStyle.swift in Sources */,
				A89D57102668CEC900A1CFDC /* RefreshControlDarkStyle.swift in Sources */,
				A89D571A2668CFB100A1CFDC /* CheckingUsernameAndPassword.swift in Sources */,
				A843BD04265D7C5B003A8793 /* ShowAlertProtocol.swift in Sources */,
				A8DEB249266399AC00BD6295 /* RealmMapServiceProtocol.swift in Sources */,
				A89D575B266900B700A1CFDC /* RealmUserServiceProtocol.swift in Sources */,
				A89D570B2668CEC900A1CFDC /* ScrollViewDarkStyle.swift in Sources */,
				A89D57482668F96B00A1CFDC /* BaseCoordinator.swift in Sources */,
				A89D570F2668CEC900A1CFDC /* TableViewDarkStyle.swift in Sources */,
			);
			runOnlyForDeploymentPostprocessing = 0;
		};
		A82A761A265D13AD0038016A /* Sources */ = {
			isa = PBXSourcesBuildPhase;
			buildActionMask = 2147483647;
			files = (
				A82A7623265D13AD0038016A /* RouteTrackerTests.swift in Sources */,
			);
			runOnlyForDeploymentPostprocessing = 0;
		};
		A82A7625265D13AD0038016A /* Sources */ = {
			isa = PBXSourcesBuildPhase;
			buildActionMask = 2147483647;
			files = (
				A82A762E265D13AD0038016A /* RouteTrackerUITests.swift in Sources */,
			);
			runOnlyForDeploymentPostprocessing = 0;
		};
/* End PBXSourcesBuildPhase section */

/* Begin PBXTargetDependency section */
		A82A7620265D13AD0038016A /* PBXTargetDependency */ = {
			isa = PBXTargetDependency;
			target = A82A7604265D13AA0038016A /* RouteTracker */;
			targetProxy = A82A761F265D13AD0038016A /* PBXContainerItemProxy */;
		};
		A82A762B265D13AD0038016A /* PBXTargetDependency */ = {
			isa = PBXTargetDependency;
			target = A82A7604265D13AA0038016A /* RouteTracker */;
			targetProxy = A82A762A265D13AD0038016A /* PBXContainerItemProxy */;
		};
/* End PBXTargetDependency section */

/* Begin PBXVariantGroup section */
		A82A7616265D13AC0038016A /* LaunchScreen.storyboard */ = {
			isa = PBXVariantGroup;
			children = (
				A82A7617265D13AC0038016A /* Base */,
			);
			name = LaunchScreen.storyboard;
			sourceTree = "<group>";
		};
/* End PBXVariantGroup section */

/* Begin XCBuildConfiguration section */
		A82A7630265D13AD0038016A /* Debug */ = {
			isa = XCBuildConfiguration;
			buildSettings = {
				ALWAYS_SEARCH_USER_PATHS = NO;
				CLANG_ANALYZER_NONNULL = YES;
				CLANG_ANALYZER_NUMBER_OBJECT_CONVERSION = YES_AGGRESSIVE;
				CLANG_CXX_LANGUAGE_STANDARD = "gnu++14";
				CLANG_CXX_LIBRARY = "libc++";
				CLANG_ENABLE_MODULES = YES;
				CLANG_ENABLE_OBJC_ARC = YES;
				CLANG_ENABLE_OBJC_WEAK = YES;
				CLANG_WARN_BLOCK_CAPTURE_AUTORELEASING = YES;
				CLANG_WARN_BOOL_CONVERSION = YES;
				CLANG_WARN_COMMA = YES;
				CLANG_WARN_CONSTANT_CONVERSION = YES;
				CLANG_WARN_DEPRECATED_OBJC_IMPLEMENTATIONS = YES;
				CLANG_WARN_DIRECT_OBJC_ISA_USAGE = YES_ERROR;
				CLANG_WARN_DOCUMENTATION_COMMENTS = YES;
				CLANG_WARN_EMPTY_BODY = YES;
				CLANG_WARN_ENUM_CONVERSION = YES;
				CLANG_WARN_INFINITE_RECURSION = YES;
				CLANG_WARN_INT_CONVERSION = YES;
				CLANG_WARN_NON_LITERAL_NULL_CONVERSION = YES;
				CLANG_WARN_OBJC_IMPLICIT_RETAIN_SELF = YES;
				CLANG_WARN_OBJC_LITERAL_CONVERSION = YES;
				CLANG_WARN_OBJC_ROOT_CLASS = YES_ERROR;
				CLANG_WARN_QUOTED_INCLUDE_IN_FRAMEWORK_HEADER = YES;
				CLANG_WARN_RANGE_LOOP_ANALYSIS = YES;
				CLANG_WARN_STRICT_PROTOTYPES = YES;
				CLANG_WARN_SUSPICIOUS_MOVE = YES;
				CLANG_WARN_UNGUARDED_AVAILABILITY = YES_AGGRESSIVE;
				CLANG_WARN_UNREACHABLE_CODE = YES;
				CLANG_WARN__DUPLICATE_METHOD_MATCH = YES;
				COPY_PHASE_STRIP = NO;
				DEBUG_INFORMATION_FORMAT = dwarf;
				ENABLE_STRICT_OBJC_MSGSEND = YES;
				ENABLE_TESTABILITY = YES;
				EXCLUDED_ARCHS = "";
				GCC_C_LANGUAGE_STANDARD = gnu11;
				GCC_DYNAMIC_NO_PIC = NO;
				GCC_NO_COMMON_BLOCKS = YES;
				GCC_OPTIMIZATION_LEVEL = 0;
				GCC_PREPROCESSOR_DEFINITIONS = (
					"DEBUG=1",
					"$(inherited)",
				);
				GCC_WARN_64_TO_32_BIT_CONVERSION = YES;
				GCC_WARN_ABOUT_RETURN_TYPE = YES_ERROR;
				GCC_WARN_UNDECLARED_SELECTOR = YES;
				GCC_WARN_UNINITIALIZED_AUTOS = YES_AGGRESSIVE;
				GCC_WARN_UNUSED_FUNCTION = YES;
				GCC_WARN_UNUSED_VARIABLE = YES;
				IPHONEOS_DEPLOYMENT_TARGET = 14.4;
				MTL_ENABLE_DEBUG_INFO = INCLUDE_SOURCE;
				MTL_FAST_MATH = YES;
				ONLY_ACTIVE_ARCH = YES;
				SDKROOT = iphoneos;
				SWIFT_ACTIVE_COMPILATION_CONDITIONS = DEBUG;
				SWIFT_OPTIMIZATION_LEVEL = "-Onone";
			};
			name = Debug;
		};
		A82A7631265D13AD0038016A /* Release */ = {
			isa = XCBuildConfiguration;
			buildSettings = {
				ALWAYS_SEARCH_USER_PATHS = NO;
				CLANG_ANALYZER_NONNULL = YES;
				CLANG_ANALYZER_NUMBER_OBJECT_CONVERSION = YES_AGGRESSIVE;
				CLANG_CXX_LANGUAGE_STANDARD = "gnu++14";
				CLANG_CXX_LIBRARY = "libc++";
				CLANG_ENABLE_MODULES = YES;
				CLANG_ENABLE_OBJC_ARC = YES;
				CLANG_ENABLE_OBJC_WEAK = YES;
				CLANG_WARN_BLOCK_CAPTURE_AUTORELEASING = YES;
				CLANG_WARN_BOOL_CONVERSION = YES;
				CLANG_WARN_COMMA = YES;
				CLANG_WARN_CONSTANT_CONVERSION = YES;
				CLANG_WARN_DEPRECATED_OBJC_IMPLEMENTATIONS = YES;
				CLANG_WARN_DIRECT_OBJC_ISA_USAGE = YES_ERROR;
				CLANG_WARN_DOCUMENTATION_COMMENTS = YES;
				CLANG_WARN_EMPTY_BODY = YES;
				CLANG_WARN_ENUM_CONVERSION = YES;
				CLANG_WARN_INFINITE_RECURSION = YES;
				CLANG_WARN_INT_CONVERSION = YES;
				CLANG_WARN_NON_LITERAL_NULL_CONVERSION = YES;
				CLANG_WARN_OBJC_IMPLICIT_RETAIN_SELF = YES;
				CLANG_WARN_OBJC_LITERAL_CONVERSION = YES;
				CLANG_WARN_OBJC_ROOT_CLASS = YES_ERROR;
				CLANG_WARN_QUOTED_INCLUDE_IN_FRAMEWORK_HEADER = YES;
				CLANG_WARN_RANGE_LOOP_ANALYSIS = YES;
				CLANG_WARN_STRICT_PROTOTYPES = YES;
				CLANG_WARN_SUSPICIOUS_MOVE = YES;
				CLANG_WARN_UNGUARDED_AVAILABILITY = YES_AGGRESSIVE;
				CLANG_WARN_UNREACHABLE_CODE = YES;
				CLANG_WARN__DUPLICATE_METHOD_MATCH = YES;
				COPY_PHASE_STRIP = NO;
				DEBUG_INFORMATION_FORMAT = "dwarf-with-dsym";
				ENABLE_NS_ASSERTIONS = NO;
				ENABLE_STRICT_OBJC_MSGSEND = YES;
				GCC_C_LANGUAGE_STANDARD = gnu11;
				GCC_NO_COMMON_BLOCKS = YES;
				GCC_WARN_64_TO_32_BIT_CONVERSION = YES;
				GCC_WARN_ABOUT_RETURN_TYPE = YES_ERROR;
				GCC_WARN_UNDECLARED_SELECTOR = YES;
				GCC_WARN_UNINITIALIZED_AUTOS = YES_AGGRESSIVE;
				GCC_WARN_UNUSED_FUNCTION = YES;
				GCC_WARN_UNUSED_VARIABLE = YES;
				IPHONEOS_DEPLOYMENT_TARGET = 14.4;
				MTL_ENABLE_DEBUG_INFO = NO;
				MTL_FAST_MATH = YES;
				ONLY_ACTIVE_ARCH = NO;
				SDKROOT = iphoneos;
				SWIFT_COMPILATION_MODE = wholemodule;
				SWIFT_OPTIMIZATION_LEVEL = "-O";
				VALIDATE_PRODUCT = YES;
			};
			name = Release;
		};
		A82A7633265D13AD0038016A /* Debug */ = {
			isa = XCBuildConfiguration;
			baseConfigurationReference = 19ADEA06655D922A8C41C2CF /* Pods-RouteTracker.debug.xcconfig */;
			buildSettings = {
				ASSETCATALOG_COMPILER_APPICON_NAME = AppIcon;
				ASSETCATALOG_COMPILER_GLOBAL_ACCENT_COLOR_NAME = AccentColor;
				CODE_SIGN_STYLE = Automatic;
				DEVELOPMENT_TEAM = N2TZW4PWAN;
				INFOPLIST_FILE = RouteTracker/Environments/Info.plist;
				LD_RUNPATH_SEARCH_PATHS = (
					"$(inherited)",
					"@executable_path/Frameworks",
				);
				ONLY_ACTIVE_ARCH = YES;
				PRODUCT_BUNDLE_IDENTIFIER = "-23456.RouteTracker";
				PRODUCT_NAME = "$(TARGET_NAME)";
				SWIFT_VERSION = 5.0;
				TARGETED_DEVICE_FAMILY = "1,2";
			};
			name = Debug;
		};
		A82A7634265D13AD0038016A /* Release */ = {
			isa = XCBuildConfiguration;
			baseConfigurationReference = BBB027CFA30EE12CBDC634D3 /* Pods-RouteTracker.release.xcconfig */;
			buildSettings = {
				ASSETCATALOG_COMPILER_APPICON_NAME = AppIcon;
				ASSETCATALOG_COMPILER_GLOBAL_ACCENT_COLOR_NAME = AccentColor;
				CODE_SIGN_STYLE = Automatic;
				DEVELOPMENT_TEAM = N2TZW4PWAN;
				INFOPLIST_FILE = RouteTracker/Environments/Info.plist;
				LD_RUNPATH_SEARCH_PATHS = (
					"$(inherited)",
					"@executable_path/Frameworks",
				);
				ONLY_ACTIVE_ARCH = YES;
				PRODUCT_BUNDLE_IDENTIFIER = "-23456.RouteTracker";
				PRODUCT_NAME = "$(TARGET_NAME)";
				SWIFT_VERSION = 5.0;
				TARGETED_DEVICE_FAMILY = "1,2";
			};
			name = Release;
		};
		A82A7636265D13AD0038016A /* Debug */ = {
			isa = XCBuildConfiguration;
			baseConfigurationReference = 5753F02F52CC422EE9D8ED48 /* Pods-RouteTrackerTests.debug.xcconfig */;
			buildSettings = {
				ALWAYS_EMBED_SWIFT_STANDARD_LIBRARIES = YES;
				BUNDLE_LOADER = "$(TEST_HOST)";
				CODE_SIGN_STYLE = Automatic;
				DEVELOPMENT_TEAM = N2TZW4PWAN;
				INFOPLIST_FILE = RouteTrackerTests/Info.plist;
				IPHONEOS_DEPLOYMENT_TARGET = 14.4;
				LD_RUNPATH_SEARCH_PATHS = (
					"$(inherited)",
					"@executable_path/Frameworks",
					"@loader_path/Frameworks",
				);
				PRODUCT_BUNDLE_IDENTIFIER = "-23456.RouteTrackerTests";
				PRODUCT_NAME = "$(TARGET_NAME)";
				SWIFT_VERSION = 5.0;
				TARGETED_DEVICE_FAMILY = "1,2";
				TEST_HOST = "$(BUILT_PRODUCTS_DIR)/RouteTracker.app/RouteTracker";
			};
			name = Debug;
		};
		A82A7637265D13AD0038016A /* Release */ = {
			isa = XCBuildConfiguration;
			baseConfigurationReference = CBF8F573A9A1F41687FD3B82 /* Pods-RouteTrackerTests.release.xcconfig */;
			buildSettings = {
				ALWAYS_EMBED_SWIFT_STANDARD_LIBRARIES = YES;
				BUNDLE_LOADER = "$(TEST_HOST)";
				CODE_SIGN_STYLE = Automatic;
				DEVELOPMENT_TEAM = N2TZW4PWAN;
				INFOPLIST_FILE = RouteTrackerTests/Info.plist;
				IPHONEOS_DEPLOYMENT_TARGET = 14.4;
				LD_RUNPATH_SEARCH_PATHS = (
					"$(inherited)",
					"@executable_path/Frameworks",
					"@loader_path/Frameworks",
				);
				PRODUCT_BUNDLE_IDENTIFIER = "-23456.RouteTrackerTests";
				PRODUCT_NAME = "$(TARGET_NAME)";
				SWIFT_VERSION = 5.0;
				TARGETED_DEVICE_FAMILY = "1,2";
				TEST_HOST = "$(BUILT_PRODUCTS_DIR)/RouteTracker.app/RouteTracker";
			};
			name = Release;
		};
		A82A7639265D13AD0038016A /* Debug */ = {
			isa = XCBuildConfiguration;
			baseConfigurationReference = 49FA042FD7A58EC76125B162 /* Pods-RouteTracker-RouteTrackerUITests.debug.xcconfig */;
			buildSettings = {
				ALWAYS_EMBED_SWIFT_STANDARD_LIBRARIES = YES;
				CODE_SIGN_STYLE = Automatic;
				DEVELOPMENT_TEAM = N2TZW4PWAN;
				INFOPLIST_FILE = RouteTrackerUITests/Info.plist;
				LD_RUNPATH_SEARCH_PATHS = (
					"$(inherited)",
					"@executable_path/Frameworks",
					"@loader_path/Frameworks",
				);
				PRODUCT_BUNDLE_IDENTIFIER = "-23456.RouteTrackerUITests";
				PRODUCT_NAME = "$(TARGET_NAME)";
				SWIFT_VERSION = 5.0;
				TARGETED_DEVICE_FAMILY = "1,2";
				TEST_TARGET_NAME = RouteTracker;
			};
			name = Debug;
		};
		A82A763A265D13AD0038016A /* Release */ = {
			isa = XCBuildConfiguration;
			baseConfigurationReference = BE0065C1786175E75F5E5E7A /* Pods-RouteTracker-RouteTrackerUITests.release.xcconfig */;
			buildSettings = {
				ALWAYS_EMBED_SWIFT_STANDARD_LIBRARIES = YES;
				CODE_SIGN_STYLE = Automatic;
				DEVELOPMENT_TEAM = N2TZW4PWAN;
				INFOPLIST_FILE = RouteTrackerUITests/Info.plist;
				LD_RUNPATH_SEARCH_PATHS = (
					"$(inherited)",
					"@executable_path/Frameworks",
					"@loader_path/Frameworks",
				);
				PRODUCT_BUNDLE_IDENTIFIER = "-23456.RouteTrackerUITests";
				PRODUCT_NAME = "$(TARGET_NAME)";
				SWIFT_VERSION = 5.0;
				TARGETED_DEVICE_FAMILY = "1,2";
				TEST_TARGET_NAME = RouteTracker;
			};
			name = Release;
		};
/* End XCBuildConfiguration section */

/* Begin XCConfigurationList section */
		A82A7600265D13AA0038016A /* Build configuration list for PBXProject "RouteTracker" */ = {
			isa = XCConfigurationList;
			buildConfigurations = (
				A82A7630265D13AD0038016A /* Debug */,
				A82A7631265D13AD0038016A /* Release */,
			);
			defaultConfigurationIsVisible = 0;
			defaultConfigurationName = Release;
		};
		A82A7632265D13AD0038016A /* Build configuration list for PBXNativeTarget "RouteTracker" */ = {
			isa = XCConfigurationList;
			buildConfigurations = (
				A82A7633265D13AD0038016A /* Debug */,
				A82A7634265D13AD0038016A /* Release */,
			);
			defaultConfigurationIsVisible = 0;
			defaultConfigurationName = Release;
		};
		A82A7635265D13AD0038016A /* Build configuration list for PBXNativeTarget "RouteTrackerTests" */ = {
			isa = XCConfigurationList;
			buildConfigurations = (
				A82A7636265D13AD0038016A /* Debug */,
				A82A7637265D13AD0038016A /* Release */,
			);
			defaultConfigurationIsVisible = 0;
			defaultConfigurationName = Release;
		};
		A82A7638265D13AD0038016A /* Build configuration list for PBXNativeTarget "RouteTrackerUITests" */ = {
			isa = XCConfigurationList;
			buildConfigurations = (
				A82A7639265D13AD0038016A /* Debug */,
				A82A763A265D13AD0038016A /* Release */,
			);
			defaultConfigurationIsVisible = 0;
			defaultConfigurationName = Release;
		};
/* End XCConfigurationList section */

/* Begin XCVersionGroup section */
		A82A7611265D13AA0038016A /* RouteTracker.xcdatamodeld */ = {
			isa = XCVersionGroup;
			children = (
				A82A7612265D13AA0038016A /* RouteTracker.xcdatamodel */,
			);
			currentVersion = A82A7612265D13AA0038016A /* RouteTracker.xcdatamodel */;
			path = RouteTracker.xcdatamodeld;
			sourceTree = "<group>";
			versionGroupType = wrapper.xcdatamodel;
		};
/* End XCVersionGroup section */
	};
	rootObject = A82A75FD265D13AA0038016A /* Project object */;
}
